// !$*UTF8*$!
{
	archiveVersion = 1;
	classes = {
	};
	objectVersion = 77;
	objects = {

/* Begin PBXBuildFile section */
		C36CBB5D2F91B1AD00945553 /* output.mp3 in Resources */ = {isa = PBXBuildFile; fileRef = C36CBB5C2F91B1AD00945553 /* output.mp3 */; };
		C36CBB5F2F91B30D00945553 /* Debt.mp3 in Resources */ = {isa = PBXBuildFile; fileRef = C36CBB5E2F91B30D00945553 /* Debt.mp3 */; };
/* End PBXBuildFile section */

/* Begin PBXContainerItemProxy section */
		C362E2AB2F8957150056771C /* PBXContainerItemProxy */ = {
			isa = PBXContainerItemProxy;
			containerPortal = C362E2952F8957140056771C /* Project object */;
			proxyType = 1;
			remoteGlobalIDString = C362E29C2F8957140056771C;
			remoteInfo = "шерстяной долг";
		};
		C362E2B52F8957150056771C /* PBXContainerItemProxy */ = {
			isa = PBXContainerItemProxy;
			containerPortal = C362E2952F8957140056771C /* Project object */;
			proxyType = 1;
			remoteGlobalIDString = C362E29C2F8957140056771C;
			remoteInfo = "шерстяной долг";
		};
/* End PBXContainerItemProxy section */

/* Begin PBXFileReference section */
		C36CBB5C2F91B1AD00945553 /* output.mp3 */ = {isa = PBXFileReference; lastKnownFileType = audio.mp3; path = output.mp3; sourceTree = "<group>"; };
		C36CBB5E2F91B30D00945553 /* Debt.mp3 */ = {isa = PBXFileReference; lastKnownFileType = audio.mp3; path = Debt.mp3; sourceTree = "<group>"; };
		C38D633D2F89691900883539 /* woolDebt.app */ = {isa = PBXFileReference; explicitFileType = wrapper.application; includeInIndex = 0; path = woolDebt.app; sourceTree = BUILT_PRODUCTS_DIR; };
		C38D633E2F89691900883539 /* woolDebtTests.xctest */ = {isa = PBXFileReference; explicitFileType = wrapper.cfbundle; includeInIndex = 0; path = woolDebtTests.xctest; sourceTree = BUILT_PRODUCTS_DIR; };
		C38D633F2F89691900883539 /* woolDebtUITests.xctest */ = {isa = PBXFileReference; explicitFileType = wrapper.cfbundle; includeInIndex = 0; path = woolDebtUITests.xctest; sourceTree = BUILT_PRODUCTS_DIR; };
/* End PBXFileReference section */

/* Begin PBXFileSystemSynchronizedRootGroup section */
		C362E29F2F8957140056771C /* woolDebt */ = {
			isa = PBXFileSystemSynchronizedRootGroup;
			path = woolDebt;
			sourceTree = "<group>";
		};
		C362E2AD2F8957150056771C /* woolDebtTests */ = {
			isa = PBXFileSystemSynchronizedRootGroup;
			path = woolDebtTests;
			sourceTree = "<group>";
		};
		C362E2B72F8957150056771C /* woolDebtUITests */ = {
			isa = PBXFileSystemSynchronizedRootGroup;
			path = woolDebtUITests;
			sourceTree = "<group>";
		};
		C362E2CC2F8957FA0056771C /* Models */ = {
			isa = PBXFileSystemSynchronizedRootGroup;
			path = Models;
			sourceTree = "<group>";
		};
		C362E2D02F8958300056771C /* ViewModels */ = {
			isa = PBXFileSystemSynchronizedRootGroup;
			path = ViewModels;
			sourceTree = "<group>";
		};
		C362E2D42F8958670056771C /* Views */ = {
			isa = PBXFileSystemSynchronizedRootGroup;
			path = Views;
			sourceTree = "<group>";
		};
/* End PBXFileSystemSynchronizedRootGroup section */

/* Begin PBXFrameworksBuildPhase section */
		C362E29A2F8957140056771C /* Frameworks */ = {
			isa = PBXFrameworksBuildPhase;
			buildActionMask = 2147483647;
			files = (
			);
			runOnlyForDeploymentPostprocessing = 0;
		};
		C362E2A72F8957150056771C /* Frameworks */ = {
			isa = PBXFrameworksBuildPhase;
			buildActionMask = 2147483647;
			files = (
			);
			runOnlyForDeploymentPostprocessing = 0;
		};
		C362E2B12F8957150056771C /* Frameworks */ = {
			isa = PBXFrameworksBuildPhase;
			buildActionMask = 2147483647;
			files = (
			);
			runOnlyForDeploymentPostprocessing = 0;
		};
/* End PBXFrameworksBuildPhase section */

/* Begin PBXGroup section */
		C362E2942F8957140056771C = {
			isa = PBXGroup;
			children = (
				C362E2CC2F8957FA0056771C /* Models */,
				C362E29F2F8957140056771C /* woolDebt */,
				C362E2AD2F8957150056771C /* woolDebtTests */,
				C362E2B72F8957150056771C /* woolDebtUITests */,
				C362E2D02F8958300056771C /* ViewModels */,
				C362E2D42F8958670056771C /* Views */,
				C38D633D2F89691900883539 /* woolDebt.app */,
				C38D633E2F89691900883539 /* woolDebtTests.xctest */,
				C38D633F2F89691900883539 /* woolDebtUITests.xctest */,
				C36CBB5C2F91B1AD00945553 /* output.mp3 */,
				C36CBB5E2F91B30D00945553 /* Debt.mp3 */,
			);
			sourceTree = "<group>";
		};
/* End PBXGroup section */

/* Begin PBXNativeTarget section */
		C362E29C2F8957140056771C /* woolDebt */ = {
			isa = PBXNativeTarget;
			buildConfigurationList = C362E2BE2F8957150056771C /* Build configuration list for PBXNativeTarget "woolDebt" */;
			buildPhases = (
				C362E2992F8957140056771C /* Sources */,
				C362E29A2F8957140056771C /* Frameworks */,
				C362E29B2F8957140056771C /* Resources */,
			);
			buildRules = (
			);
			dependencies = (
			);
			fileSystemSynchronizedGroups = (
				C362E29F2F8957140056771C /* woolDebt */,
				C362E2CC2F8957FA0056771C /* Models */,
				C362E2D02F8958300056771C /* ViewModels */,
				C362E2D42F8958670056771C /* Views */,
			);
			name = woolDebt;
			packageProductDependencies = (
			);
			productName = "шерстяной долг";
			productReference = C38D633D2F89691900883539 /* woolDebt.app */;
			productType = "com.apple.product-type.application";
		};
		C362E2A92F8957150056771C /* woolDebtTests */ = {
			isa = PBXNativeTarget;
			buildConfigurationList = C362E2C12F8957150056771C /* Build configuration list for PBXNativeTarget "woolDebtTests" */;
			buildPhases = (
				C362E2A62F8957150056771C /* Sources */,
				C362E2A72F8957150056771C /* Frameworks */,
				C362E2A82F8957150056771C /* Resources */,
			);
			buildRules = (
			);
			dependencies = (
				C362E2AC2F8957150056771C /* PBXTargetDependency */,
			);
			fileSystemSynchronizedGroups = (
				C362E2AD2F8957150056771C /* woolDebtTests */,
			);
			name = woolDebtTests;
			packageProductDependencies = (
			);
			productName = "шерстяной долгTests";
			productReference = C38D633E2F89691900883539 /* woolDebtTests.xctest */;
			productType = "com.apple.product-type.bundle.unit-test";
		};
		C362E2B32F8957150056771C /* woolDebtUITests */ = {
			isa = PBXNativeTarget;
			buildConfigurationList = C362E2C42F8957150056771C /* Build configuration list for PBXNativeTarget "woolDebtUITests" */;
			buildPhases = (
				C362E2B02F8957150056771C /* Sources */,
				C362E2B12F8957150056771C /* Frameworks */,
				C362E2B22F8957150056771C /* Resources */,
			);
			buildRules = (
			);
			dependencies = (
				C362E2B62F8957150056771C /* PBXTargetDependency */,
			);
			fileSystemSynchronizedGroups = (
				C362E2B72F8957150056771C /* woolDebtUITests */,
			);
			name = woolDebtUITests;
			packageProductDependencies = (
			);
			productName = "шерстяной долгUITests";
			productReference = C38D633F2F89691900883539 /* woolDebtUITests.xctest */;
			productType = "com.apple.product-type.bundle.ui-testing";
		};
/* End PBXNativeTarget section */

/* Begin PBXProject section */
		C362E2952F8957140056771C /* Project object */ = {
			isa = PBXProject;
			attributes = {
				BuildIndependentTargetsInParallel = 1;
				LastSwiftUpdateCheck = 2630;
				LastUpgradeCheck = 2630;
				TargetAttributes = {
					C362E29C2F8957140056771C = {
						CreatedOnToolsVersion = 26.3;
					};
					C362E2A92F8957150056771C = {
						CreatedOnToolsVersion = 26.3;
						TestTargetID = C362E29C2F8957140056771C;
					};
					C362E2B32F8957150056771C = {
						CreatedOnToolsVersion = 26.3;
						TestTargetID = C362E29C2F8957140056771C;
					};
				};
			};
			buildConfigurationList = C362E2982F8957140056771C /* Build configuration list for PBXProject "woolDebt" */;
			developmentRegion = en;
			hasScannedForEncodings = 0;
			knownRegions = (
				en,
				Base,
			);
			mainGroup = C362E2942F8957140056771C;
			minimizedProjectReferenceProxies = 1;
			preferredProjectObjectVersion = 77;
			productRefGroup = C362E2942F8957140056771C;
			projectDirPath = "";
			projectRoot = "";
			targets = (
				C362E29C2F8957140056771C /* woolDebt */,
				C362E2A92F8957150056771C /* woolDebtTests */,
				C362E2B32F8957150056771C /* woolDebtUITests */,
			);
		};
/* End PBXProject section */

/* Begin PBXResourcesBuildPhase section */
		C362E29B2F8957140056771C /* Resources */ = {
			isa = PBXResourcesBuildPhase;
			buildActionMask = 2147483647;
			files = (
				C36CBB5F2F91B30D00945553 /* Debt.mp3 in Resources */,
				C36CBB5D2F91B1AD00945553 /* output.mp3 in Resources */,
			);
			runOnlyForDeploymentPostprocessing = 0;
		};
		C362E2A82F8957150056771C /* Resources */ = {
			isa = PBXResourcesBuildPhase;
			buildActionMask = 2147483647;
			files = (
			);
			runOnlyForDeploymentPostprocessing = 0;
		};
		C362E2B22F8957150056771C /* Resources */ = {
			isa = PBXResourcesBuildPhase;
			buildActionMask = 2147483647;
			files = (
			);
			runOnlyForDeploymentPostprocessing = 0;
		};
/* End PBXResourcesBuildPhase section */

/* Begin PBXSourcesBuildPhase section */
		C362E2992F8957140056771C /* Sources */ = {
			isa = PBXSourcesBuildPhase;
			buildActionMask = 2147483647;
			files = (
			);
			runOnlyForDeploymentPostprocessing = 0;
		};
		C362E2A62F8957150056771C /* Sources */ = {
			isa = PBXSourcesBuildPhase;
			buildActionMask = 2147483647;
			files = (
			);
			runOnlyForDeploymentPostprocessing = 0;
		};
		C362E2B02F8957150056771C /* Sources */ = {
			isa = PBXSourcesBuildPhase;
			buildActionMask = 2147483647;
			files = (
			);
			runOnlyForDeploymentPostprocessing = 0;
		};
/* End PBXSourcesBuildPhase section */

/* Begin PBXTargetDependency section */
		C362E2AC2F8957150056771C /* PBXTargetDependency */ = {
			isa = PBXTargetDependency;
			target = C362E29C2F8957140056771C /* woolDebt */;
			targetProxy = C362E2AB2F8957150056771C /* PBXContainerItemProxy */;
		};
		C362E2B62F8957150056771C /* PBXTargetDependency */ = {
			isa = PBXTargetDependency;
			target = C362E29C2F8957140056771C /* woolDebt */;
			targetProxy = C362E2B52F8957150056771C /* PBXContainerItemProxy */;
		};
/* End PBXTargetDependency section */

/* Begin XCBuildConfiguration section */
		C362E2BC2F8957150056771C /* Debug */ = {
			isa = XCBuildConfiguration;
			buildSettings = {
				ALWAYS_SEARCH_USER_PATHS = NO;
				ASSETCATALOG_COMPILER_GENERATE_SWIFT_ASSET_SYMBOL_EXTENSIONS = YES;
				CLANG_ANALYZER_NONNULL = YES;
				CLANG_ANALYZER_NUMBER_OBJECT_CONVERSION = YES_AGGRESSIVE;
				CLANG_CXX_LANGUAGE_STANDARD = "gnu++20";
				CLANG_ENABLE_MODULES = YES;
				CLANG_ENABLE_OBJC_ARC = YES;
				CLANG_ENABLE_OBJC_WEAK = YES;
				CLANG_WARN_BLOCK_CAPTURE_AUTORELEASING = YES;
				CLANG_WARN_BOOL_CONVERSION = YES;
				CLANG_WARN_COMMA = YES;
				CLANG_WARN_CONSTANT_CONVERSION = YES;
				CLANG_WARN_DEPRECATED_OBJC_IMPLEMENTATIONS = YES;
				CLANG_WARN_DIRECT_OBJC_ISA_USAGE = YES_ERROR;
				CLANG_WARN_DOCUMENTATION_COMMENTS = YES;
				CLANG_WARN_EMPTY_BODY = YES;
				CLANG_WARN_ENUM_CONVERSION = YES;
				CLANG_WARN_INFINITE_RECURSION = YES;
				CLANG_WARN_INT_CONVERSION = YES;
				CLANG_WARN_NON_LITERAL_NULL_CONVERSION = YES;
				CLANG_WARN_OBJC_IMPLICIT_RETAIN_SELF = YES;
				CLANG_WARN_OBJC_LITERAL_CONVERSION = YES;
				CLANG_WARN_OBJC_ROOT_CLASS = YES_ERROR;
				CLANG_WARN_QUOTED_INCLUDE_IN_FRAMEWORK_HEADER = YES;
				CLANG_WARN_RANGE_LOOP_ANALYSIS = YES;
				CLANG_WARN_STRICT_PROTOTYPES = YES;
				CLANG_WARN_SUSPICIOUS_MOVE = YES;
				CLANG_WARN_UNGUARDED_AVAILABILITY = YES_AGGRESSIVE;
				CLANG_WARN_UNREACHABLE_CODE = YES;
				CLANG_WARN__DUPLICATE_METHOD_MATCH = YES;
				COPY_PHASE_STRIP = NO;
				DEBUG_INFORMATION_FORMAT = dwarf;
				DEVELOPMENT_TEAM = 3QS2RA8B26;
				ENABLE_STRICT_OBJC_MSGSEND = YES;
				ENABLE_TESTABILITY = YES;
				ENABLE_USER_SCRIPT_SANDBOXING = YES;
				GCC_C_LANGUAGE_STANDARD = gnu17;
				GCC_DYNAMIC_NO_PIC = NO;
				GCC_NO_COMMON_BLOCKS = YES;
				GCC_OPTIMIZATION_LEVEL = 0;
				GCC_PREPROCESSOR_DEFINITIONS = (
					"DEBUG=1",
					"$(inherited)",
				);
				GCC_WARN_64_TO_32_BIT_CONVERSION = YES;
				GCC_WARN_ABOUT_RETURN_TYPE = YES_ERROR;
				GCC_WARN_UNDECLARED_SELECTOR = YES;
				GCC_WARN_UNINITIALIZED_AUTOS = YES_AGGRESSIVE;
				GCC_WARN_UNUSED_FUNCTION = YES;
				GCC_WARN_UNUSED_VARIABLE = YES;
				IPHONEOS_DEPLOYMENT_TARGET = 26.2;
				LOCALIZATION_PREFERS_STRING_CATALOGS = YES;
				MTL_ENABLE_DEBUG_INFO = INCLUDE_SOURCE;
				MTL_FAST_MATH = YES;
				ONLY_ACTIVE_ARCH = YES;
				SDKROOT = iphoneos;
				SWIFT_ACTIVE_COMPILATION_CONDITIONS = "DEBUG $(inherited)";
				SWIFT_OPTIMIZATION_LEVEL = "-Onone";
			};
			name = Debug;
		};
		C362E2BD2F8957150056771C /* Release */ = {
			isa = XCBuildConfiguration;
			buildSettings = {
				ALWAYS_SEARCH_USER_PATHS = NO;
				ASSETCATALOG_COMPILER_GENERATE_SWIFT_ASSET_SYMBOL_EXTENSIONS = YES;
				CLANG_ANALYZER_NONNULL = YES;
				CLANG_ANALYZER_NUMBER_OBJECT_CONVERSION = YES_AGGRESSIVE;
				CLANG_CXX_LANGUAGE_STANDARD = "gnu++20";
				CLANG_ENABLE_MODULES = YES;
				CLANG_ENABLE_OBJC_ARC = YES;
				CLANG_ENABLE_OBJC_WEAK = YES;
				CLANG_WARN_BLOCK_CAPTURE_AUTORELEASING = YES;
				CLANG_WARN_BOOL_CONVERSION = YES;
				CLANG_WARN_COMMA = YES;
				CLANG_WARN_CONSTANT_CONVERSION = YES;
				CLANG_WARN_DEPRECATED_OBJC_IMPLEMENTATIONS = YES;
				CLANG_WARN_DIRECT_OBJC_ISA_USAGE = YES_ERROR;
				CLANG_WARN_DOCUMENTATION_COMMENTS = YES;
				CLANG_WARN_EMPTY_BODY = YES;
				CLANG_WARN_ENUM_CONVERSION = YES;
				CLANG_WARN_INFINITE_RECURSION = YES;
				CLANG_WARN_INT_CONVERSION = YES;
				CLANG_WARN_NON_LITERAL_NULL_CONVERSION = YES;
				CLANG_WARN_OBJC_IMPLICIT_RETAIN_SELF = YES;
				CLANG_WARN_OBJC_LITERAL_CONVERSION = YES;
				CLANG_WARN_OBJC_ROOT_CLASS = YES_ERROR;
				CLANG_WARN_QUOTED_INCLUDE_IN_FRAMEWORK_HEADER = YES;
				CLANG_WARN_RANGE_LOOP_ANALYSIS = YES;
				CLANG_WARN_STRICT_PROTOTYPES = YES;
				CLANG_WARN_SUSPICIOUS_MOVE = YES;
				CLANG_WARN_UNGUARDED_AVAILABILITY = YES_AGGRESSIVE;
				CLANG_WARN_UNREACHABLE_CODE = YES;
				CLANG_WARN__DUPLICATE_METHOD_MATCH = YES;
				COPY_PHASE_STRIP = NO;
				DEBUG_INFORMATION_FORMAT = "dwarf-with-dsym";
				DEVELOPMENT_TEAM = 3QS2RA8B26;
				ENABLE_NS_ASSERTIONS = NO;
				ENABLE_STRICT_OBJC_MSGSEND = YES;
				ENABLE_USER_SCRIPT_SANDBOXING = YES;
				GCC_C_LANGUAGE_STANDARD = gnu17;
				GCC_NO_COMMON_BLOCKS = YES;
				GCC_WARN_64_TO_32_BIT_CONVERSION = YES;
				GCC_WARN_ABOUT_RETURN_TYPE = YES_ERROR;
				GCC_WARN_UNDECLARED_SELECTOR = YES;
				GCC_WARN_UNINITIALIZED_AUTOS = YES_AGGRESSIVE;
				GCC_WARN_UNUSED_FUNCTION = YES;
				GCC_WARN_UNUSED_VARIABLE = YES;
				IPHONEOS_DEPLOYMENT_TARGET = 26.2;
				LOCALIZATION_PREFERS_STRING_CATALOGS = YES;
				MTL_ENABLE_DEBUG_INFO = NO;
				MTL_FAST_MATH = YES;
				SDKROOT = iphoneos;
				SWIFT_COMPILATION_MODE = wholemodule;
				VALIDATE_PRODUCT = YES;
			};
			name = Release;
		};
		C362E2BF2F8957150056771C /* Debug */ = {
			isa = XCBuildConfiguration;
			buildSettings = {
				ASSETCATALOG_COMPILER_APPICON_NAME = AppIcon;
				ASSETCATALOG_COMPILER_GLOBAL_ACCENT_COLOR_NAME = AccentColor;
				CODE_SIGN_STYLE = Automatic;
				CURRENT_PROJECT_VERSION = 1;
				DEVELOPMENT_TEAM = 3QS2RA8B26;
				ENABLE_PREVIEWS = YES;
				GENERATE_INFOPLIST_FILE = YES;
				INFOPLIST_KEY_UIApplicationSceneManifest_Generation = YES;
				INFOPLIST_KEY_UIApplicationSupportsIndirectInputEvents = YES;
				INFOPLIST_KEY_UILaunchScreen_Generation = YES;
				INFOPLIST_KEY_UISupportedInterfaceOrientations_iPad = "UIInterfaceOrientationPortrait UIInterfaceOrientationPortraitUpsideDown UIInterfaceOrientationLandscapeLeft UIInterfaceOrientationLandscapeRight";
				INFOPLIST_KEY_UISupportedInterfaceOrientations_iPhone = "UIInterfaceOrientationPortrait UIInterfaceOrientationLandscapeLeft UIInterfaceOrientationLandscapeRight";
				LD_RUNPATH_SEARCH_PATHS = (
					"$(inherited)",
					"@executable_path/Frameworks",
				);
				MARKETING_VERSION = 1.0;
				PRODUCT_BUNDLE_IDENTIFIER = "turbochaynik.---------------";
				PRODUCT_NAME = "$(TARGET_NAME)";
				STRING_CATALOG_GENERATE_SYMBOLS = YES;
				SWIFT_APPROACHABLE_CONCURRENCY = YES;
				SWIFT_DEFAULT_ACTOR_ISOLATION = MainActor;
				SWIFT_EMIT_LOC_STRINGS = YES;
				SWIFT_UPCOMING_FEATURE_MEMBER_IMPORT_VISIBILITY = YES;
				SWIFT_VERSION = 5.0;
				TARGETED_DEVICE_FAMILY = "1,2";
			};
			name = Debug;
		};
		C362E2C02F8957150056771C /* Release */ = {
			isa = XCBuildConfiguration;
			buildSettings = {
				ASSETCATALOG_COMPILER_APPICON_NAME = AppIcon;
				ASSETCATALOG_COMPILER_GLOBAL_ACCENT_COLOR_NAME = AccentColor;
				CODE_SIGN_STYLE = Automatic;
				CURRENT_PROJECT_VERSION = 1;
				DEVELOPMENT_TEAM = 3QS2RA8B26;
				ENABLE_PREVIEWS = YES;
				GENERATE_INFOPLIST_FILE = YES;
				INFOPLIST_KEY_UIApplicationSceneManifest_Generation = YES;
				INFOPLIST_KEY_UIApplicationSupportsIndirectInputEvents = YES;
				INFOPLIST_KEY_UILaunchScreen_Generation = YES;
				INFOPLIST_KEY_UISupportedInterfaceOrientations_iPad = "UIInterfaceOrientationPortrait UIInterfaceOrientationPortraitUpsideDown UIInterfaceOrientationLandscapeLeft UIInterfaceOrientationLandscapeRight";
				INFOPLIST_KEY_UISupportedInterfaceOrientations_iPhone = "UIInterfaceOrientationPortrait UIInterfaceOrientationLandscapeLeft UIInterfaceOrientationLandscapeRight";
				LD_RUNPATH_SEARCH_PATHS = (
					"$(inherited)",
					"@executable_path/Frameworks",
				);
				MARKETING_VERSION = 1.0;
				PRODUCT_BUNDLE_IDENTIFIER = "turbochaynik.---------------";
				PRODUCT_NAME = "$(TARGET_NAME)";
				STRING_CATALOG_GENERATE_SYMBOLS = YES;
				SWIFT_APPROACHABLE_CONCURRENCY = YES;
				SWIFT_DEFAULT_ACTOR_ISOLATION = MainActor;
				SWIFT_EMIT_LOC_STRINGS = YES;
				SWIFT_UPCOMING_FEATURE_MEMBER_IMPORT_VISIBILITY = YES;
				SWIFT_VERSION = 5.0;
				TARGETED_DEVICE_FAMILY = "1,2";
			};
			name = Release;
		};
		C362E2C22F8957150056771C /* Debug */ = {
			isa = XCBuildConfiguration;
			buildSettings = {
				BUNDLE_LOADER = "$(TEST_HOST)";
				CODE_SIGN_STYLE = Automatic;
				CURRENT_PROJECT_VERSION = 1;
				DEVELOPMENT_TEAM = 3QS2RA8B26;
				GENERATE_INFOPLIST_FILE = YES;
				IPHONEOS_DEPLOYMENT_TARGET = 26.2;
				MARKETING_VERSION = 1.0;
				PRODUCT_BUNDLE_IDENTIFIER = "turbochaynik.---------------Tests";
				PRODUCT_NAME = "$(TARGET_NAME)";
				STRING_CATALOG_GENERATE_SYMBOLS = NO;
				SWIFT_APPROACHABLE_CONCURRENCY = YES;
				SWIFT_EMIT_LOC_STRINGS = NO;
				SWIFT_UPCOMING_FEATURE_MEMBER_IMPORT_VISIBILITY = YES;
				SWIFT_VERSION = 5.0;
				TARGETED_DEVICE_FAMILY = "1,2";
				TEST_HOST = "$(BUILT_PRODUCTS_DIR)/woolDebt.app/$(BUNDLE_EXECUTABLE_FOLDER_PATH)/woolDebt";
			};
			name = Debug;
		};
		C362E2C32F8957150056771C /* Release */ = {
			isa = XCBuildConfiguration;
			buildSettings = {
				BUNDLE_LOADER = "$(TEST_HOST)";
				CODE_SIGN_STYLE = Automatic;
				CURRENT_PROJECT_VERSION = 1;
				DEVELOPMENT_TEAM = 3QS2RA8B26;
				GENERATE_INFOPLIST_FILE = YES;
				IPHONEOS_DEPLOYMENT_TARGET = 26.2;
				MARKETING_VERSION = 1.0;
				PRODUCT_BUNDLE_IDENTIFIER = "turbochaynik.---------------Tests";
				PRODUCT_NAME = "$(TARGET_NAME)";
				STRING_CATALOG_GENERATE_SYMBOLS = NO;
				SWIFT_APPROACHABLE_CONCURRENCY = YES;
				SWIFT_EMIT_LOC_STRINGS = NO;
				SWIFT_UPCOMING_FEATURE_MEMBER_IMPORT_VISIBILITY = YES;
				SWIFT_VERSION = 5.0;
				TARGETED_DEVICE_FAMILY = "1,2";
				TEST_HOST = "$(BUILT_PRODUCTS_DIR)/woolDebt.app/$(BUNDLE_EXECUTABLE_FOLDER_PATH)/woolDebt";
			};
			name = Release;
		};
		C362E2C52F8957150056771C /* Debug */ = {
			isa = XCBuildConfiguration;
			buildSettings = {
				CODE_SIGN_STYLE = Automatic;
				CURRENT_PROJECT_VERSION = 1;
				DEVELOPMENT_TEAM = 3QS2RA8B26;
				GENERATE_INFOPLIST_FILE = YES;
				MARKETING_VERSION = 1.0;
				PRODUCT_BUNDLE_IDENTIFIER = "turbochaynik.---------------UITests";
				PRODUCT_NAME = "$(TARGET_NAME)";
				STRING_CATALOG_GENERATE_SYMBOLS = NO;
				SWIFT_APPROACHABLE_CONCURRENCY = YES;
				SWIFT_EMIT_LOC_STRINGS = NO;
				SWIFT_UPCOMING_FEATURE_MEMBER_IMPORT_VISIBILITY = YES;
				SWIFT_VERSION = 5.0;
				TARGETED_DEVICE_FAMILY = "1,2";
				TEST_TARGET_NAME = "шерстяной долг";
			};
			name = Debug;
		};
		C362E2C62F8957150056771C /* Release */ = {
			isa = XCBuildConfiguration;
			buildSettings = {
				CODE_SIGN_STYLE = Automatic;
				CURRENT_PROJECT_VERSION = 1;
				DEVELOPMENT_TEAM = 3QS2RA8B26;
				GENERATE_INFOPLIST_FILE = YES;
				MARKETING_VERSION = 1.0;
				PRODUCT_BUNDLE_IDENTIFIER = "turbochaynik.---------------UITests";
				PRODUCT_NAME = "$(TARGET_NAME)";
				STRING_CATALOG_GENERATE_SYMBOLS = NO;
				SWIFT_APPROACHABLE_CONCURRENCY = YES;
				SWIFT_EMIT_LOC_STRINGS = NO;
				SWIFT_UPCOMING_FEATURE_MEMBER_IMPORT_VISIBILITY = YES;
				SWIFT_VERSION = 5.0;
				TARGETED_DEVICE_FAMILY = "1,2";
				TEST_TARGET_NAME = "шерстяной долг";
			};
			name = Release;
		};
/* End XCBuildConfiguration section */

/* Begin XCConfigurationList section */
		C362E2982F8957140056771C /* Build configuration list for PBXProject "woolDebt" */ = {
			isa = XCConfigurationList;
			buildConfigurations = (
				C362E2BC2F8957150056771C /* Debug */,
				C362E2BD2F8957150056771C /* Release */,
			);
			defaultConfigurationIsVisible = 0;
			defaultConfigurationName = Release;
		};
		C362E2BE2F8957150056771C /* Build configuration list for PBXNativeTarget "woolDebt" */ = {
			isa = XCConfigurationList;
			buildConfigurations = (
				C362E2BF2F8957150056771C /* Debug */,
				C362E2C02F8957150056771C /* Release */,
			);
			defaultConfigurationIsVisible = 0;
			defaultConfigurationName = Release;
		};
		C362E2C12F8957150056771C /* Build configuration list for PBXNativeTarget "woolDebtTests" */ = {
			isa = XCConfigurationList;
			buildConfigurations = (
				C362E2C22F8957150056771C /* Debug */,
				C362E2C32F8957150056771C /* Release */,
			);
			defaultConfigurationIsVisible = 0;
			defaultConfigurationName = Release;
		};
		C362E2C42F8957150056771C /* Build configuration list for PBXNativeTarget "woolDebtUITests" */ = {
			isa = XCConfigurationList;
			buildConfigurations = (
				C362E2C52F8957150056771C /* Debug */,
				C362E2C62F8957150056771C /* Release */,
			);
			defaultConfigurationIsVisible = 0;
			defaultConfigurationName = Release;
		};
/* End XCConfigurationList section */
	};
	rootObject = C362E2952F8957140056771C /* Project object */;
}
